<?xml version="1.0" encoding="utf-8"?>
<Project ToolsVersion="4.0" xmlns="http://schemas.microsoft.com/developer/msbuild/2003">
  <ItemGroup>
    <Filter Include="Header Files">
      <UniqueIdentifier>{93995380-89BD-4b04-88EB-625FBE52EBFB}</UniqueIdentifier>
      <Extensions>h;hh;hpp;hxx;hm;inl;inc;xsd</Extensions>
    </Filter>
    <Filter Include="Resource Files">
      <UniqueIdentifier>{67DA6AB6-F800-4c08-8B7A-83BB121AAD01}</UniqueIdentifier>
      <Extensions>rc;ico;cur;bmp;dlg;rc2;rct;bin;rgs;gif;jpg;jpeg;jpe;resx;tiff;tif;png;wav;mfcribbon-ms</Extensions>
    </Filter>
    <Filter Include="src">
      <UniqueIdentifier>{4FC737F1-C7A5-4376-A066-2A32D752A2FF}</UniqueIdentifier>
      <Extensions>cpp;c;cc;cxx;def;odl;idl;hpj;bat;asm;asmx</Extensions>
    </Filter>
    <Filter Include="src\graphics">
      <UniqueIdentifier>{5c8e9c7e-910e-4930-bbdf-1042dea5bdad}</UniqueIdentifier>
    </Filter>
    <Filter Include="src\maths">
      <UniqueIdentifier>{43120999-f3c0-4a90-a813-64c714f89577}</UniqueIdentifier>
    </Filter>
    <Filter Include="src\input">
      <UniqueIdentifier>{dda66952-2a3d-4fc2-8e25-912c1bc953fe}</UniqueIdentifier>
    </Filter>
    <Filter Include="src\utils">
      <UniqueIdentifier>{a51dc198-185c-4252-984d-b9fe9c218428}</UniqueIdentifier>
    </Filter>
    <Filter Include="src\shaders">
      <UniqueIdentifier>{b593e3e2-7481-4404-8aca-c0a8762939fc}</UniqueIdentifier>
    </Filter>
    <Filter Include="src\graphics\buffers">
      <UniqueIdentifier>{21197888-047c-4a8d-9013-884212f1bde9}</UniqueIdentifier>
    </Filter>
  </ItemGroup>
  <ItemGroup>
    <ClInclude Include="window.h">
      <Filter>src\graphics</Filter>
    </ClInclude>
    <ClInclude Include="vec2.h">
      <Filter>src\maths</Filter>
    </ClInclude>
    <ClInclude Include="vec3.h">
      <Filter>src\maths</Filter>
    </ClInclude>
    <ClInclude Include="vec4.h">
      <Filter>src\maths</Filter>
    </ClInclude>
    <ClInclude Include="input.h">
      <Filter>src\input</Filter>
    </ClInclude>
    <ClInclude Include="maths.h">
      <Filter>src\maths</Filter>
    </ClInclude>
    <ClInclude Include="mathsFunc.h">
      <Filter>src\maths</Filter>
    </ClInclude>
    <ClInclude Include="fileUtils.h">
      <Filter>src\utils</Filter>
    </ClInclude>
    <ClInclude Include="shader.h">
      <Filter>src\graphics</Filter>
    </ClInclude>
    <ClInclude Include="buffer.h">
      <Filter>src\graphics\buffers</Filter>
    </ClInclude>
    <ClInclude Include="indexbuffer.h">
      <Filter>src\graphics\buffers</Filter>
    </ClInclude>
    <ClInclude Include="vertexarray.h">
      <Filter>src\graphics\buffers</Filter>
    </ClInclude>
    <ClInclude Include="renderable2d.h">
      <Filter>src\graphics</Filter>
    </ClInclude>
    <ClInclude Include="renderer2d.h">
      <Filter>src\graphics</Filter>
    </ClInclude>
    <ClInclude Include="simple2drenderer.h">
      <Filter>src\graphics</Filter>
    </ClInclude>
  </ItemGroup>
  <ItemGroup>
    <ClCompile Include="window.cpp">
      <Filter>src\graphics</Filter>
    </ClCompile>
    <ClCompile Include="vec2.cpp">
      <Filter>src\maths</Filter>
    </ClCompile>
    <ClCompile Include="main.cpp">
      <Filter>src</Filter>
    </ClCompile>
    <ClCompile Include="vec3.cpp">
      <Filter>src\maths</Filter>
    </ClCompile>
    <ClCompile Include="vec4.cpp">
      <Filter>src\maths</Filter>
    </ClCompile>
    <ClCompile Include="input.cpp">
      <Filter>src\input</Filter>
    </ClCompile>
    <ClCompile Include="mat4.h">
      <Filter>src\maths</Filter>
    </ClCompile>
    <ClCompile Include="mat4.cpp">
      <Filter>src\maths</Filter>
    </ClCompile>
    <ClCompile Include="shader.cpp">
      <Filter>src\graphics</Filter>
    </ClCompile>
    <ClCompile Include="buffer.cpp">
      <Filter>src\graphics\buffers</Filter>
    </ClCompile>
    <ClCompile Include="indexbuffer.cpp">
      <Filter>src\graphics\buffers</Filter>
    </ClCompile>
    <ClCompile Include="vertexarray.cpp">
      <Filter>src\graphics\buffers</Filter>
    </ClCompile>
    <ClCompile Include="simple2drenderer.cpp">
      <Filter>src\graphics</Filter>
    </ClCompile>
  </ItemGroup>
  <ItemGroup>
    <None Include="basic.vert">
      <Filter>src\shaders</Filter>
    </None>
    <None Include="basic.frag">
      <Filter>src\shaders</Filter>
    </None>
  </ItemGroup>
</Project>