<?xml version="1.0" encoding="utf-8"?>
<Project ToolsVersion="4.0" xmlns="http://schemas.microsoft.com/developer/msbuild/2003">
  <ItemGroup>
    <Filter Include="Source Files">
      <UniqueIdentifier>{4FC737F1-C7A5-4376-A066-2A32D752A2FF}</UniqueIdentifier>
      <Extensions>cpp;c;cc;cxx;def;odl;idl;hpj;bat;asm;asmx</Extensions>
    </Filter>
    <Filter Include="RMStates">
      <UniqueIdentifier>{67DA6AB6-F800-4c08-8B7A-83BB121AAD01}</UniqueIdentifier>
      <Extensions>rc;ico;cur;bmp;dlg;rc2;rct;bin;rgs;gif;jpg;jpeg;jpe;resx;tiff;tif;png;wav;mfcribbon-ms</Extensions>
    </Filter>
    <Filter Include="Resource_Managers">
      <UniqueIdentifier>{93995380-89BD-4b04-88EB-625FBE52EBFB}</UniqueIdentifier>
      <Extensions>h;hh;hpp;hxx;hm;inl;inc;xsd</Extensions>
    </Filter>
  </ItemGroup>
  <ItemGroup>
    <ClCompile Include="..\RMSource\RMmain.cpp">
      <Filter>Source Files</Filter>
    </ClCompile>
    <ClCompile Include="..\RMSource\RMApplication.cpp">
      <Filter>Source Files</Filter>
    </ClCompile>
    <ClCompile Include="..\RMSource\RMDisplay.cpp">
      <Filter>Source Files</Filter>
    </ClCompile>
    <ClCompile Include="..\RMSource\RMStates\RMGame_State.cpp">
      <Filter>RMStates</Filter>
    </ClCompile>
    <ClCompile Include="..\RMSource\RMStates\RMPlaying_State.cpp">
      <Filter>RMStates</Filter>
    </ClCompile>
    <ClCompile Include="..\RMSource\Resource_Managers\Font_Manager.cpp">
      <Filter>Resource_Managers</Filter>
    </ClCompile>
    <ClCompile Include="..\RMSource\Resource_Managers\Resource_Holder.cpp">
      <Filter>Resource_Managers</Filter>
    </ClCompile>
    <ClCompile Include="..\RMSource\Resource_Managers\Sound_Manager.cpp">
      <Filter>Resource_Managers</Filter>
    </ClCompile>
    <ClCompile Include="..\RMSource\Resource_Managers\Texture_Manager.cpp">
      <Filter>Resource_Managers</Filter>
    </ClCompile>
    <ClCompile Include="..\RMSource\RMAnimation.cpp">
      <Filter>Source Files</Filter>
    </ClCompile>
  </ItemGroup>
  <ItemGroup>
    <ClInclude Include="..\RMSource\RMApplication.h">
      <Filter>Source Files</Filter>
    </ClInclude>
    <ClInclude Include="..\RMSource\RMDisplay.h">
      <Filter>Source Files</Filter>
    </ClInclude>
    <ClInclude Include="..\RMSource\RMStates\RMGame_State.h">
      <Filter>RMStates</Filter>
    </ClInclude>
    <ClInclude Include="..\RMSource\RMStates\RMPlaying_State.h">
      <Filter>RMStates</Filter>
    </ClInclude>
    <ClInclude Include="..\RMSource\Resource_Managers\Font_Manager.h">
      <Filter>Resource_Managers</Filter>
    </ClInclude>
    <ClInclude Include="..\RMSource\Resource_Managers\Resource_Holder.h">
      <Filter>Resource_Managers</Filter>
    </ClInclude>
    <ClInclude Include="..\RMSource\Resource_Managers\Resource_Manager.h">
      <Filter>Resource_Managers</Filter>
    </ClInclude>
    <ClInclude Include="..\RMSource\Resource_Managers\Sound_Manager.h">
      <Filter>Resource_Managers</Filter>
    </ClInclude>
    <ClInclude Include="..\RMSource\Resource_Managers\Texture_Manager.h">
      <Filter>Resource_Managers</Filter>
    </ClInclude>
    <ClInclude Include="..\RMSource\RMAnimation.h">
      <Filter>Source Files</Filter>
    </ClInclude>
  </ItemGroup>
</Project>